<?xml version="1.0" encoding="utf-8"?>
<Project ToolsVersion="4.0" xmlns="http://schemas.microsoft.com/developer/msbuild/2003">
  <ItemGroup>
    <ClCompile Include="..\..\..\source\CGA.cpp" />
    <ClCompile Include="..\..\..\source\node\PrimCube.cpp">
      <Filter>nodes\0.creation</Filter>
    </ClCompile>
    <ClCompile Include="..\..\..\source\node\PrimQuad.cpp">
      <Filter>nodes\0.creation</Filter>
    </ClCompile>
    <ClCompile Include="..\..\..\source\node\Extrude.cpp">
      <Filter>nodes\0.creation</Filter>
    </ClCompile>
    <ClCompile Include="..\..\..\source\Evaluator.cpp">
      <Filter>eval</Filter>
    </ClCompile>
    <ClCompile Include="..\..\..\source\RegistRTTR.cpp">
      <Filter>tools</Filter>
    </ClCompile>
    <ClCompile Include="..\..\..\source\TopoPolyAdapter.cpp">
      <Filter>tools</Filter>
    </ClCompile>
    <ClCompile Include="..\..\..\source\node\Color.cpp">
      <Filter>nodes\8.attributes</Filter>
    </ClCompile>
    <ClCompile Include="..\..\..\source\node\ShapeO.cpp">
      <Filter>nodes\1.subdivision</Filter>
    </ClCompile>
    <ClCompile Include="..\..\..\source\node\Offset.cpp">
      <Filter>nodes\1.subdivision</Filter>
    </ClCompile>
    <ClCompile Include="..\..\..\source\node\Comp.cpp">
      <Filter>nodes\1.subdivision</Filter>
    </ClCompile>
    <ClCompile Include="..\..\..\source\node\Split.cpp">
      <Filter>nodes\1.subdivision</Filter>
    </ClCompile>
    <ClCompile Include="..\..\..\source\Rule.cpp">
      <Filter>dataset\rule</Filter>
    </ClCompile>
    <ClCompile Include="..\..\..\source\Geometry.cpp">
      <Filter>dataset\node</Filter>
    </ClCompile>
    <ClCompile Include="..\..\..\source\Node.cpp">
      <Filter>dataset\node</Filter>
    </ClCompile>
    <ClCompile Include="..\..\..\source\RuleLoader.cpp">
      <Filter>serialize</Filter>
    </ClCompile>
    <ClCompile Include="..\..\..\source\EvalExpr.cpp">
      <Filter>eval</Filter>
    </ClCompile>
    <ClCompile Include="..\..\..\source\EvalRule.cpp">
      <Filter>eval</Filter>
    </ClCompile>
  </ItemGroup>
  <ItemGroup>
    <ClInclude Include="..\..\..\include\cga\CGA.h" />
    <ClInclude Include="..\..\..\include\cga\typedef.h" />
    <ClInclude Include="..\..\..\include\cga\node\PrimCube.h">
      <Filter>nodes\0.creation</Filter>
    </ClInclude>
    <ClInclude Include="..\..\..\include\cga\node\PrimCube.parm.h">
      <Filter>nodes\0.creation</Filter>
    </ClInclude>
    <ClInclude Include="..\..\..\include\cga\node\PrimQuad.h">
      <Filter>nodes\0.creation</Filter>
    </ClInclude>
    <ClInclude Include="..\..\..\include\cga\node\PrimQuad.parm.h">
      <Filter>nodes\0.creation</Filter>
    </ClInclude>
    <ClInclude Include="..\..\..\include\cga\node\Extrude.h">
      <Filter>nodes\0.creation</Filter>
    </ClInclude>
    <ClInclude Include="..\..\..\include\cga\node\Extrude.parm.h">
      <Filter>nodes\0.creation</Filter>
    </ClInclude>
    <ClInclude Include="..\..\..\include\cga\Evaluator.h">
      <Filter>eval</Filter>
    </ClInclude>
    <ClInclude Include="..\..\..\include\cga\TopoPolyAdapter.h">
      <Filter>tools</Filter>
    </ClInclude>
    <ClInclude Include="..\..\..\include\cga\node\Color.h">
      <Filter>nodes\8.attributes</Filter>
    </ClInclude>
    <ClInclude Include="..\..\..\include\cga\node\Color.parm.h">
      <Filter>nodes\8.attributes</Filter>
    </ClInclude>
    <ClInclude Include="..\..\..\include\cga\node\ShapeO.h">
      <Filter>nodes\1.subdivision</Filter>
    </ClInclude>
    <ClInclude Include="..\..\..\include\cga\node\ShapeO.parm.h">
      <Filter>nodes\1.subdivision</Filter>
    </ClInclude>
    <ClInclude Include="..\..\..\include\cga\node\Offset.parm.h">
      <Filter>nodes\1.subdivision</Filter>
    </ClInclude>
    <ClInclude Include="..\..\..\include\cga\node\Offset.h">
      <Filter>nodes\1.subdivision</Filter>
    </ClInclude>
    <ClInclude Include="..\..\..\include\cga\node\Comp.h">
      <Filter>nodes\1.subdivision</Filter>
    </ClInclude>
    <ClInclude Include="..\..\..\include\cga\node\Comp.parm.h">
      <Filter>nodes\1.subdivision</Filter>
    </ClInclude>
    <ClInclude Include="..\..\..\include\cga\node\Split.h">
      <Filter>nodes\1.subdivision</Filter>
    </ClInclude>
    <ClInclude Include="..\..\..\include\cga\Rule.h">
      <Filter>dataset\rule</Filter>
    </ClInclude>
    <ClInclude Include="..\..\..\include\cga\Geometry.h">
      <Filter>dataset\node</Filter>
    </ClInclude>
    <ClInclude Include="..\..\..\include\cga\Node.h">
      <Filter>dataset\node</Filter>
    </ClInclude>
    <ClInclude Include="..\..\..\include\cga\NodeVarType.h">
      <Filter>dataset\node</Filter>
    </ClInclude>
    <ClInclude Include="..\..\..\include\cga\node\Split.parm.h">
      <Filter>nodes\1.subdivision</Filter>
    </ClInclude>
    <ClInclude Include="..\..\..\include\cga\RuleLoader.h">
      <Filter>serialize</Filter>
    </ClInclude>
    <ClInclude Include="..\..\..\include\cga\EvalExpr.h">
      <Filter>eval</Filter>
    </ClInclude>
    <ClInclude Include="..\..\..\include\cga\EvalRule.h">
      <Filter>eval</Filter>
    </ClInclude>
  </ItemGroup>
  <ItemGroup>
    <Filter Include="dataset">
      <UniqueIdentifier>{c3e0fe60-213e-4119-b2cd-28df8d96afee}</UniqueIdentifier>
    </Filter>
    <Filter Include="nodes">
      <UniqueIdentifier>{f36e099b-4761-4170-b4a8-210db227f0ed}</UniqueIdentifier>
    </Filter>
    <Filter Include="nodes\0.creation">
      <UniqueIdentifier>{2a81c054-7c02-46e9-bdad-f1d4e1174dcb}</UniqueIdentifier>
    </Filter>
    <Filter Include="nodes\1.subdivision">
      <UniqueIdentifier>{9ef377ad-d7c4-4687-83eb-88f0dde3d371}</UniqueIdentifier>
    </Filter>
    <Filter Include="nodes\2.manipulation">
      <UniqueIdentifier>{39a0ac79-8472-417a-ba32-de885700758d}</UniqueIdentifier>
    </Filter>
    <Filter Include="nodes\3.texturing">
      <UniqueIdentifier>{cb500a99-5025-4b74-8ffc-40deb9671036}</UniqueIdentifier>
    </Filter>
    <Filter Include="nodes\4.transformations">
      <UniqueIdentifier>{a5a8ba08-2990-47ff-b1b2-3da8b9b92d57}</UniqueIdentifier>
    </Filter>
    <Filter Include="nodes\5.scope">
      <UniqueIdentifier>{5bac3528-6688-4ada-af90-0ae3d15d09ba}</UniqueIdentifier>
    </Filter>
    <Filter Include="nodes\6.control">
      <UniqueIdentifier>{ad13132f-0236-42f3-99b2-3928ee7c06b1}</UniqueIdentifier>
    </Filter>
    <Filter Include="nodes\7.context">
      <UniqueIdentifier>{4b0034af-936d-4e99-ab2f-c06d19edef61}</UniqueIdentifier>
    </Filter>
    <Filter Include="nodes\8.attributes">
      <UniqueIdentifier>{4782020a-346f-43b7-90d8-b5da4ecab778}</UniqueIdentifier>
    </Filter>
    <Filter Include="eval">
      <UniqueIdentifier>{a55972ae-a9d1-4dbb-9b22-8099a03dd42e}</UniqueIdentifier>
    </Filter>
    <Filter Include="tools">
      <UniqueIdentifier>{6cd9c541-3385-4168-9ddb-750d7ee523e1}</UniqueIdentifier>
    </Filter>
    <Filter Include="serialize">
      <UniqueIdentifier>{07082023-7be1-4c94-a76a-4bfcccab94ad}</UniqueIdentifier>
    </Filter>
    <Filter Include="dataset\rule">
      <UniqueIdentifier>{9c723572-3771-45eb-a938-b31f8cae4b2c}</UniqueIdentifier>
    </Filter>
    <Filter Include="dataset\node">
      <UniqueIdentifier>{4a4a8633-2262-4d13-9a81-1c1747e40f60}</UniqueIdentifier>
    </Filter>
  </ItemGroup>
</Project>